// !$*UTF8*$!
{
	archiveVersion = 1;
	classes = {
	};
	objectVersion = 50;
	objects = {

/* Begin PBXBuildFile section */
		A524B98A25FB416B002FF690 /* AppDelegate.swift in Sources */ = {isa = PBXBuildFile; fileRef = A524B98925FB416B002FF690 /* AppDelegate.swift */; };
		A524B98C25FB416B002FF690 /* SceneDelegate.swift in Sources */ = {isa = PBXBuildFile; fileRef = A524B98B25FB416B002FF690 /* SceneDelegate.swift */; };
		A524B98E25FB416B002FF690 /* ContentView.swift in Sources */ = {isa = PBXBuildFile; fileRef = A524B98D25FB416B002FF690 /* ContentView.swift */; };
		A524B99125FB416B002FF690 /* calculator.xcdatamodeld in Sources */ = {isa = PBXBuildFile; fileRef = A524B98F25FB416B002FF690 /* calculator.xcdatamodeld */; };
		A524B99325FB416B002FF690 /* Assets.xcassets in Resources */ = {isa = PBXBuildFile; fileRef = A524B99225FB416B002FF690 /* Assets.xcassets */; };
		A524B99625FB416B002FF690 /* Preview Assets.xcassets in Resources */ = {isa = PBXBuildFile; fileRef = A524B99525FB416B002FF690 /* Preview Assets.xcassets */; };
		A524B99925FB416B002FF690 /* LaunchScreen.storyboard in Resources */ = {isa = PBXBuildFile; fileRef = A524B99725FB416B002FF690 /* LaunchScreen.storyboard */; };
		A524B9AE25FB720F002FF690 /* CustomButtonStyle.swift in Sources */ = {isa = PBXBuildFile; fileRef = A524B9AD25FB720F002FF690 /* CustomButtonStyle.swift */; };
/* End PBXBuildFile section */

/* Begin PBXFileReference section */
		A524B98625FB416B002FF690 /* calculator.app */ = {isa = PBXFileReference; explicitFileType = wrapper.application; includeInIndex = 0; path = calculator.app; sourceTree = BUILT_PRODUCTS_DIR; };
		A524B98925FB416B002FF690 /* AppDelegate.swift */ = {isa = PBXFileReference; lastKnownFileType = sourcecode.swift; path = AppDelegate.swift; sourceTree = "<group>"; };
		A524B98B25FB416B002FF690 /* SceneDelegate.swift */ = {isa = PBXFileReference; lastKnownFileType = sourcecode.swift; path = SceneDelegate.swift; sourceTree = "<group>"; };
		A524B98D25FB416B002FF690 /* ContentView.swift */ = {isa = PBXFileReference; lastKnownFileType = sourcecode.swift; path = ContentView.swift; sourceTree = "<group>"; };
		A524B99025FB416B002FF690 /* calculator.xcdatamodel */ = {isa = PBXFileReference; lastKnownFileType = wrapper.xcdatamodel; path = calculator.xcdatamodel; sourceTree = "<group>"; };
		A524B99225FB416B002FF690 /* Assets.xcassets */ = {isa = PBXFileReference; lastKnownFileType = folder.assetcatalog; path = Assets.xcassets; sourceTree = "<group>"; };
		A524B99525FB416B002FF690 /* Preview Assets.xcassets */ = {isa = PBXFileReference; lastKnownFileType = folder.assetcatalog; path = "Preview Assets.xcassets"; sourceTree = "<group>"; };
		A524B99825FB416B002FF690 /* Base */ = {isa = PBXFileReference; lastKnownFileType = file.storyboard; name = Base; path = Base.lproj/LaunchScreen.storyboard; sourceTree = "<group>"; };
		A524B99A25FB416B002FF690 /* Info.plist */ = {isa = PBXFileReference; lastKnownFileType = text.plist.xml; path = Info.plist; sourceTree = "<group>"; };
		A524B9AD25FB720F002FF690 /* CustomButtonStyle.swift */ = {isa = PBXFileReference; lastKnownFileType = sourcecode.swift; path = CustomButtonStyle.swift; sourceTree = "<group>"; };
/* End PBXFileReference section */

/* Begin PBXFrameworksBuildPhase section */
		A524B98325FB416B002FF690 /* Frameworks */ = {
			isa = PBXFrameworksBuildPhase;
			buildActionMask = 2147483647;
			files = (
			);
			runOnlyForDeploymentPostprocessing = 0;
		};
/* End PBXFrameworksBuildPhase section */

/* Begin PBXGroup section */
		A524B97D25FB416B002FF690 = {
			isa = PBXGroup;
			children = (
				A524B98825FB416B002FF690 /* calculator */,
				A524B98725FB416B002FF690 /* Products */,
			);
			sourceTree = "<group>";
		};
		A524B98725FB416B002FF690 /* Products */ = {
			isa = PBXGroup;
			children = (
				A524B98625FB416B002FF690 /* calculator.app */,
			);
			name = Products;
			sourceTree = "<group>";
		};
		A524B98825FB416B002FF690 /* calculator */ = {
			isa = PBXGroup;
			children = (
				A524B98925FB416B002FF690 /* AppDelegate.swift */,
				A524B98B25FB416B002FF690 /* SceneDelegate.swift */,
				A524B98D25FB416B002FF690 /* ContentView.swift */,
				A524B9AD25FB720F002FF690 /* CustomButtonStyle.swift */,
				A524B99225FB416B002FF690 /* Assets.xcassets */,
				A524B99725FB416B002FF690 /* LaunchScreen.storyboard */,
				A524B99A25FB416B002FF690 /* Info.plist */,
				A524B98F25FB416B002FF690 /* calculator.xcdatamodeld */,
				A524B99425FB416B002FF690 /* Preview Content */,
			);
			path = calculator;
			sourceTree = "<group>";
		};
		A524B99425FB416B002FF690 /* Preview Content */ = {
			isa = PBXGroup;
			children = (
				A524B99525FB416B002FF690 /* Preview Assets.xcassets */,
			);
			path = "Preview Content";
			sourceTree = "<group>";
		};
/* End PBXGroup section */

/* Begin PBXNativeTarget section */
		A524B98525FB416B002FF690 /* calculator */ = {
			isa = PBXNativeTarget;
			buildConfigurationList = A524B99D25FB416B002FF690 /* Build configuration list for PBXNativeTarget "calculator" */;
			buildPhases = (
				A524B98225FB416B002FF690 /* Sources */,
				A524B98325FB416B002FF690 /* Frameworks */,
				A524B98425FB416B002FF690 /* Resources */,
			);
			buildRules = (
			);
			dependencies = (
			);
			name = calculator;
			productName = calculator;
			productReference = A524B98625FB416B002FF690 /* calculator.app */;
			productType = "com.apple.product-type.application";
		};
/* End PBXNativeTarget section */

/* Begin PBXProject section */
		A524B97E25FB416B002FF690 /* Project object */ = {
			isa = PBXProject;
			attributes = {
				LastSwiftUpdateCheck = 1240;
				LastUpgradeCheck = 1240;
				TargetAttributes = {
					A524B98525FB416B002FF690 = {
						CreatedOnToolsVersion = 12.4;
					};
				};
			};
			buildConfigurationList = A524B98125FB416B002FF690 /* Build configuration list for PBXProject "calculator" */;
			compatibilityVersion = "Xcode 9.3";
			developmentRegion = en;
			hasScannedForEncodings = 0;
			knownRegions = (
				en,
				Base,
			);
			mainGroup = A524B97D25FB416B002FF690;
			productRefGroup = A524B98725FB416B002FF690 /* Products */;
			projectDirPath = "";
			projectRoot = "";
			targets = (
				A524B98525FB416B002FF690 /* calculator */,
			);
		};
/* End PBXProject section */

/* Begin PBXResourcesBuildPhase section */
		A524B98425FB416B002FF690 /* Resources */ = {
			isa = PBXResourcesBuildPhase;
			buildActionMask = 2147483647;
			files = (
				A524B99925FB416B002FF690 /* LaunchScreen.storyboard in Resources */,
				A524B99625FB416B002FF690 /* Preview Assets.xcassets in Resources */,
				A524B99325FB416B002FF690 /* Assets.xcassets in Resources */,
			);
			runOnlyForDeploymentPostprocessing = 0;
		};
/* End PBXResourcesBuildPhase section */

/* Begin PBXSourcesBuildPhase section */
		A524B98225FB416B002FF690 /* Sources */ = {
			isa = PBXSourcesBuildPhase;
			buildActionMask = 2147483647;
			files = (
				A524B98A25FB416B002FF690 /* AppDelegate.swift in Sources */,
				A524B99125FB416B002FF690 /* calculator.xcdatamodeld in Sources */,
				A524B9AE25FB720F002FF690 /* CustomButtonStyle.swift in Sources */,
				A524B98C25FB416B002FF690 /* SceneDelegate.swift in Sources */,
				A524B98E25FB416B002FF690 /* ContentView.swift in Sources */,
			);
			runOnlyForDeploymentPostprocessing = 0;
		};
/* End PBXSourcesBuildPhase section */

/* Begin PBXVariantGroup section */
		A524B99725FB416B002FF690 /* LaunchScreen.storyboard */ = {
			isa = PBXVariantGroup;
			children = (
				A524B99825FB416B002FF690 /* Base */,
			);
			name = LaunchScreen.storyboard;
			sourceTree = "<group>";
		};
/* End PBXVariantGroup section */

/* Begin XCBuildConfiguration section */
		A524B99B25FB416B002FF690 /* Debug */ = {
			isa = XCBuildConfiguration;
			buildSettings = {
				ALWAYS_SEARCH_USER_PATHS = NO;
				CLANG_ANALYZER_NONNULL = YES;
				CLANG_ANALYZER_NUMBER_OBJECT_CONVERSION = YES_AGGRESSIVE;
				CLANG_CXX_LANGUAGE_STANDARD = "gnu++14";
				CLANG_CXX_LIBRARY = "libc++";
				CLANG_ENABLE_MODULES = YES;
				CLANG_ENABLE_OBJC_ARC = YES;
				CLANG_ENABLE_OBJC_WEAK = YES;
				CLANG_WARN_BLOCK_CAPTURE_AUTORELEASING = YES;
				CLANG_WARN_BOOL_CONVERSION = YES;
				CLANG_WARN_COMMA = YES;
				CLANG_WARN_CONSTANT_CONVERSION = YES;
				CLANG_WARN_DEPRECATED_OBJC_IMPLEMENTATIONS = YES;
				CLANG_WARN_DIRECT_OBJC_ISA_USAGE = YES_ERROR;
				CLANG_WARN_DOCUMENTATION_COMMENTS = YES;
				CLANG_WARN_EMPTY_BODY = YES;
				CLANG_WARN_ENUM_CONVERSION = YES;
				CLANG_WARN_INFINITE_RECURSION = YES;
				CLANG_WARN_INT_CONVERSION = YES;
				CLANG_WARN_NON_LITERAL_NULL_CONVERSION = YES;
				CLANG_WARN_OBJC_IMPLICIT_RETAIN_SELF = YES;
				CLANG_WARN_OBJC_LITERAL_CONVERSION = YES;
				CLANG_WARN_OBJC_ROOT_CLASS = YES_ERROR;
				CLANG_WARN_QUOTED_INCLUDE_IN_FRAMEWORK_HEADER = YES;
				CLANG_WARN_RANGE_LOOP_ANALYSIS = YES;
				CLANG_WARN_STRICT_PROTOTYPES = YES;
				CLANG_WARN_SUSPICIOUS_MOVE = YES;
				CLANG_WARN_UNGUARDED_AVAILABILITY = YES_AGGRESSIVE;
				CLANG_WARN_UNREACHABLE_CODE = YES;
				CLANG_WARN__DUPLICATE_METHOD_MATCH = YES;
				COPY_PHASE_STRIP = NO;
				DEBUG_INFORMATION_FORMAT = dwarf;
				ENABLE_STRICT_OBJC_MSGSEND = YES;
				ENABLE_TESTABILITY = YES;
				GCC_C_LANGUAGE_STANDARD = gnu11;
				GCC_DYNAMIC_NO_PIC = NO;
				GCC_NO_COMMON_BLOCKS = YES;
				GCC_OPTIMIZATION_LEVEL = 0;
				GCC_PREPROCESSOR_DEFINITIONS = (
					"DEBUG=1",
					"$(inherited)",
				);
				GCC_WARN_64_TO_32_BIT_CONVERSION = YES;
				GCC_WARN_ABOUT_RETURN_TYPE = YES_ERROR;
				GCC_WARN_UNDECLARED_SELECTOR = YES;
				GCC_WARN_UNINITIALIZED_AUTOS = YES_AGGRESSIVE;
				GCC_WARN_UNUSED_FUNCTION = YES;
				GCC_WARN_UNUSED_VARIABLE = YES;
				IPHONEOS_DEPLOYMENT_TARGET = 14.4;
				MTL_ENABLE_DEBUG_INFO = INCLUDE_SOURCE;
				MTL_FAST_MATH = YES;
				ONLY_ACTIVE_ARCH = YES;
				SDKROOT = iphoneos;
				SWIFT_ACTIVE_COMPILATION_CONDITIONS = DEBUG;
				SWIFT_OPTIMIZATION_LEVEL = "-Onone";
			};
			name = Debug;
		};
		A524B99C25FB416B002FF690 /* Release */ = {
			isa = XCBuildConfiguration;
			buildSettings = {
				ALWAYS_SEARCH_USER_PATHS = NO;
				CLANG_ANALYZER_NONNULL = YES;
				CLANG_ANALYZER_NUMBER_OBJECT_CONVERSION = YES_AGGRESSIVE;
				CLANG_CXX_LANGUAGE_STANDARD = "gnu++14";
				CLANG_CXX_LIBRARY = "libc++";
				CLANG_ENABLE_MODULES = YES;
				CLANG_ENABLE_OBJC_ARC = YES;
				CLANG_ENABLE_OBJC_WEAK = YES;
				CLANG_WARN_BLOCK_CAPTURE_AUTORELEASING = YES;
				CLANG_WARN_BOOL_CONVERSION = YES;
				CLANG_WARN_COMMA = YES;
				CLANG_WARN_CONSTANT_CONVERSION = YES;
				CLANG_WARN_DEPRECATED_OBJC_IMPLEMENTATIONS = YES;
				CLANG_WARN_DIRECT_OBJC_ISA_USAGE = YES_ERROR;
				CLANG_WARN_DOCUMENTATION_COMMENTS = YES;
				CLANG_WARN_EMPTY_BODY = YES;
				CLANG_WARN_ENUM_CONVERSION = YES;
				CLANG_WARN_INFINITE_RECURSION = YES;
				CLANG_WARN_INT_CONVERSION = YES;
				CLANG_WARN_NON_LITERAL_NULL_CONVERSION = YES;
				CLANG_WARN_OBJC_IMPLICIT_RETAIN_SELF = YES;
				CLANG_WARN_OBJC_LITERAL_CONVERSION = YES;
				CLANG_WARN_OBJC_ROOT_CLASS = YES_ERROR;
				CLANG_WARN_QUOTED_INCLUDE_IN_FRAMEWORK_HEADER = YES;
				CLANG_WARN_RANGE_LOOP_ANALYSIS = YES;
				CLANG_WARN_STRICT_PROTOTYPES = YES;
				CLANG_WARN_SUSPICIOUS_MOVE = YES;
				CLANG_WARN_UNGUARDED_AVAILABILITY = YES_AGGRESSIVE;
				CLANG_WARN_UNREACHABLE_CODE = YES;
				CLANG_WARN__DUPLICATE_METHOD_MATCH = YES;
				COPY_PHASE_STRIP = NO;
				DEBUG_INFORMATION_FORMAT = "dwarf-with-dsym";
				ENABLE_NS_ASSERTIONS = NO;
				ENABLE_STRICT_OBJC_MSGSEND = YES;
				GCC_C_LANGUAGE_STANDARD = gnu11;
				GCC_NO_COMMON_BLOCKS = YES;
				GCC_WARN_64_TO_32_BIT_CONVERSION = YES;
				GCC_WARN_ABOUT_RETURN_TYPE = YES_ERROR;
				GCC_WARN_UNDECLARED_SELECTOR = YES;
				GCC_WARN_UNINITIALIZED_AUTOS = YES_AGGRESSIVE;
				GCC_WARN_UNUSED_FUNCTION = YES;
				GCC_WARN_UNUSED_VARIABLE = YES;
				IPHONEOS_DEPLOYMENT_TARGET = 14.4;
				MTL_ENABLE_DEBUG_INFO = NO;
				MTL_FAST_MATH = YES;
				SDKROOT = iphoneos;
				SWIFT_COMPILATION_MODE = wholemodule;
				SWIFT_OPTIMIZATION_LEVEL = "-O";
				VALIDATE_PRODUCT = YES;
			};
			name = Release;
		};
		A524B99E25FB416B002FF690 /* Debug */ = {
			isa = XCBuildConfiguration;
			buildSettings = {
				ASSETCATALOG_COMPILER_APPICON_NAME = AppIcon;
				ASSETCATALOG_COMPILER_GLOBAL_ACCENT_COLOR_NAME = AccentColor;
				CODE_SIGN_STYLE = Automatic;
				DEVELOPMENT_ASSET_PATHS = "\"calculator/Preview Content\"";
				DEVELOPMENT_TEAM = G6Y8H2N834;
				ENABLE_PREVIEWS = YES;
				INFOPLIST_FILE = calculator/Info.plist;
				LD_RUNPATH_SEARCH_PATHS = (
					"$(inherited)",
					"@executable_path/Frameworks",
				);
				PRODUCT_BUNDLE_IDENTIFIER = com.iml.calculator;
				PRODUCT_NAME = "$(TARGET_NAME)";
				SWIFT_VERSION = 5.0;
				TARGETED_DEVICE_FAMILY = "1,2";
			};
			name = Debug;
		};
		A524B99F25FB416B002FF690 /* Release */ = {
			isa = XCBuildConfiguration;
			buildSettings = {
				ASSETCATALOG_COMPILER_APPICON_NAME = AppIcon;
				ASSETCATALOG_COMPILER_GLOBAL_ACCENT_COLOR_NAME = AccentColor;
				CODE_SIGN_STYLE = Automatic;
				DEVELOPMENT_ASSET_PATHS = "\"calculator/Preview Content\"";
				DEVELOPMENT_TEAM = G6Y8H2N834;
				ENABLE_PREVIEWS = YES;
				INFOPLIST_FILE = calculator/Info.plist;
				LD_RUNPATH_SEARCH_PATHS = (
					"$(inherited)",
					"@executable_path/Frameworks",
				);
				PRODUCT_BUNDLE_IDENTIFIER = com.iml.calculator;
				PRODUCT_NAME = "$(TARGET_NAME)";
				SWIFT_VERSION = 5.0;
				TARGETED_DEVICE_FAMILY = "1,2";
			};
			name = Release;
		};
/* End XCBuildConfiguration section */

/* Begin XCConfigurationList section */
		A524B98125FB416B002FF690 /* Build configuration list for PBXProject "calculator" */ = {
			isa = XCConfigurationList;
			buildConfigurations = (
				A524B99B25FB416B002FF690 /* Debug */,
				A524B99C25FB416B002FF690 /* Release */,
			);
			defaultConfigurationIsVisible = 0;
			defaultConfigurationName = Release;
		};
		A524B99D25FB416B002FF690 /* Build configuration list for PBXNativeTarget "calculator" */ = {
			isa = XCConfigurationList;
			buildConfigurations = (
				A524B99E25FB416B002FF690 /* Debug */,
				A524B99F25FB416B002FF690 /* Release */,
			);
			defaultConfigurationIsVisible = 0;
			defaultConfigurationName = Release;
		};
/* End XCConfigurationList section */

/* Begin XCVersionGroup section */
		A524B98F25FB416B002FF690 /* calculator.xcdatamodeld */ = {
			isa = XCVersionGroup;
			children = (
				A524B99025FB416B002FF690 /* calculator.xcdatamodel */,
			);
			currentVersion = A524B99025FB416B002FF690 /* calculator.xcdatamodel */;
			path = calculator.xcdatamodeld;
			sourceTree = "<group>";
			versionGroupType = wrapper.xcdatamodel;
		};
/* End XCVersionGroup section */
	};
	rootObject = A524B97E25FB416B002FF690 /* Project object */;
}
